
Microsoft Visual Studio Solution File, Format Version 12.00
# Visual Studio Version 17
VisualStudioVersion = 17.4.33205.214
MinimumVisualStudioVersion = 10.0.40219.1
Project("{2150E333-8FDC-42A3-9474-1A3956D46DE8}") = "Module 1", "Module 1", "{3F40BFA0-AE8C-4626-B617-1673C622FEEC}"
EndProject
Project("{9A19103F-16F7-4668-BE54-9A1E7A4F7556}") = "ConsoleApp", "Module 1\ConsoleApp\ConsoleApp.csproj", "{548B1414-CA3E-4CCA-8CBC-FBCF09EBA469}"
EndProject
Project("{9A19103F-16F7-4668-BE54-9A1E7A4F7556}") = "WpfApp", "Module 1\WpfApp\WpfApp.csproj", "{D350DE27-5E12-40A4-A44F-ED2A5B4BA1A1}"
EndProject
Global
	GlobalSection(SolutionConfigurationPlatforms) = preSolution
		Debug|Any CPU = Debug|Any CPU
		Release|Any CPU = Release|Any CPU
	EndGlobalSection
	GlobalSection(ProjectConfigurationPlatforms) = postSolution
		{548B1414-CA3E-4CCA-8CBC-FBCF09EBA469}.Debug|Any CPU.ActiveCfg = Debug|Any CPU
		{548B1414-CA3E-4CCA-8CBC-FBCF09EBA469}.Debug|Any CPU.Build.0 = Debug|Any CPU
		{548B1414-CA3E-4CCA-8CBC-FBCF09EBA469}.Release|Any CPU.ActiveCfg = Release|Any CPU
		{548B1414-CA3E-4CCA-8CBC-FBCF09EBA469}.Release|Any CPU.Build.0 = Release|Any CPU
		{D350DE27-5E12-40A4-A44F-ED2A5B4BA1A1}.Debug|Any CPU.ActiveCfg = Debug|Any CPU
		{D350DE27-5E12-40A4-A44F-ED2A5B4BA1A1}.Debug|Any CPU.Build.0 = Debug|Any CPU
		{D350DE27-5E12-40A4-A44F-ED2A5B4BA1A1}.Release|Any CPU.ActiveCfg = Release|Any CPU
		{D350DE27-5E12-40A4-A44F-ED2A5B4BA1A1}.Release|Any CPU.Build.0 = Release|Any CPU
	EndGlobalSection
	GlobalSection(SolutionProperties) = preSolution
		HideSolutionNode = FALSE
	EndGlobalSection
	GlobalSection(NestedProjects) = preSolution
		{548B1414-CA3E-4CCA-8CBC-FBCF09EBA469} = {3F40BFA0-AE8C-4626-B617-1673C622FEEC}
		{D350DE27-5E12-40A4-A44F-ED2A5B4BA1A1} = {3F40BFA0-AE8C-4626-B617-1673C622FEEC}
	EndGlobalSection
	GlobalSection(ExtensibilityGlobals) = postSolution
		SolutionGuid = {C3E2D9F7-D691-4282-964A-850159C65EF0}
	EndGlobalSection
EndGlobal
